// !$*UTF8*$!
{
	archiveVersion = 1;
	classes = {
	};
	objectVersion = 46;
	objects = {

/* Begin PBXBuildFile section */
		EA8F254C1A6B295300480F59 /* AppDelegate.swift in Sources */ = {isa = PBXBuildFile; fileRef = EA8F254B1A6B295300480F59 /* AppDelegate.swift */; };
		EA8F254E1A6B295300480F59 /* ViewController.swift in Sources */ = {isa = PBXBuildFile; fileRef = EA8F254D1A6B295300480F59 /* ViewController.swift */; };
		EA8F25511A6B295300480F59 /* Main.storyboard in Resources */ = {isa = PBXBuildFile; fileRef = EA8F254F1A6B295300480F59 /* Main.storyboard */; };
		EA8F25531A6B295300480F59 /* Images.xcassets in Resources */ = {isa = PBXBuildFile; fileRef = EA8F25521A6B295300480F59 /* Images.xcassets */; };
		EA8F25561A6B295300480F59 /* LaunchScreen.xib in Resources */ = {isa = PBXBuildFile; fileRef = EA8F25541A6B295300480F59 /* LaunchScreen.xib */; };
		EA8F25621A6B295400480F59 /* HelloWifiTests.swift in Sources */ = {isa = PBXBuildFile; fileRef = EA8F25611A6B295400480F59 /* HelloWifiTests.swift */; };
		EAB0A3791A7C846C00915B87 /* SwiftyJSON.swift in Sources */ = {isa = PBXBuildFile; fileRef = EAB0A3781A7C846C00915B87 /* SwiftyJSON.swift */; };
/* End PBXBuildFile section */

/* Begin PBXContainerItemProxy section */
		EA8F255C1A6B295400480F59 /* PBXContainerItemProxy */ = {
			isa = PBXContainerItemProxy;
			containerPortal = EA8F253E1A6B295300480F59 /* Project object */;
			proxyType = 1;
			remoteGlobalIDString = EA8F25451A6B295300480F59;
			remoteInfo = HelloWifi;
		};
/* End PBXContainerItemProxy section */

/* Begin PBXFileReference section */
		EA8F25461A6B295300480F59 /* HelloWifi.app */ = {isa = PBXFileReference; explicitFileType = wrapper.application; includeInIndex = 0; path = HelloWifi.app; sourceTree = BUILT_PRODUCTS_DIR; };
		EA8F254A1A6B295300480F59 /* Info.plist */ = {isa = PBXFileReference; lastKnownFileType = text.plist.xml; path = Info.plist; sourceTree = "<group>"; };
		EA8F254B1A6B295300480F59 /* AppDelegate.swift */ = {isa = PBXFileReference; lastKnownFileType = sourcecode.swift; path = AppDelegate.swift; sourceTree = "<group>"; };
		EA8F254D1A6B295300480F59 /* ViewController.swift */ = {isa = PBXFileReference; lastKnownFileType = sourcecode.swift; path = ViewController.swift; sourceTree = "<group>"; };
		EA8F25501A6B295300480F59 /* Base */ = {isa = PBXFileReference; lastKnownFileType = file.storyboard; name = Base; path = Base.lproj/Main.storyboard; sourceTree = "<group>"; };
		EA8F25521A6B295300480F59 /* Images.xcassets */ = {isa = PBXFileReference; lastKnownFileType = folder.assetcatalog; path = Images.xcassets; sourceTree = "<group>"; };
		EA8F25551A6B295300480F59 /* Base */ = {isa = PBXFileReference; lastKnownFileType = file.xib; name = Base; path = Base.lproj/LaunchScreen.xib; sourceTree = "<group>"; };
		EA8F255B1A6B295400480F59 /* HelloWifiTests.xctest */ = {isa = PBXFileReference; explicitFileType = wrapper.cfbundle; includeInIndex = 0; path = HelloWifiTests.xctest; sourceTree = BUILT_PRODUCTS_DIR; };
		EA8F25601A6B295400480F59 /* Info.plist */ = {isa = PBXFileReference; lastKnownFileType = text.plist.xml; path = Info.plist; sourceTree = "<group>"; };
		EA8F25611A6B295400480F59 /* HelloWifiTests.swift */ = {isa = PBXFileReference; lastKnownFileType = sourcecode.swift; path = HelloWifiTests.swift; sourceTree = "<group>"; };
		EAB0A3781A7C846C00915B87 /* SwiftyJSON.swift */ = {isa = PBXFileReference; fileEncoding = 4; lastKnownFileType = sourcecode.swift; path = SwiftyJSON.swift; sourceTree = "<group>"; };
/* End PBXFileReference section */

/* Begin PBXFrameworksBuildPhase section */
		EA8F25431A6B295300480F59 /* Frameworks */ = {
			isa = PBXFrameworksBuildPhase;
			buildActionMask = 2147483647;
			files = (
			);
			runOnlyForDeploymentPostprocessing = 0;
		};
		EA8F25581A6B295400480F59 /* Frameworks */ = {
			isa = PBXFrameworksBuildPhase;
			buildActionMask = 2147483647;
			files = (
			);
			runOnlyForDeploymentPostprocessing = 0;
		};
/* End PBXFrameworksBuildPhase section */

/* Begin PBXGroup section */
		EA8F253D1A6B295300480F59 = {
			isa = PBXGroup;
			children = (
				EA8F25481A6B295300480F59 /* HelloWifi */,
				EA8F255E1A6B295400480F59 /* HelloWifiTests */,
				EA8F25471A6B295300480F59 /* Products */,
			);
			sourceTree = "<group>";
		};
		EA8F25471A6B295300480F59 /* Products */ = {
			isa = PBXGroup;
			children = (
				EA8F25461A6B295300480F59 /* HelloWifi.app */,
				EA8F255B1A6B295400480F59 /* HelloWifiTests.xctest */,
			);
			name = Products;
			sourceTree = "<group>";
		};
		EA8F25481A6B295300480F59 /* HelloWifi */ = {
			isa = PBXGroup;
			children = (
				EA8F254B1A6B295300480F59 /* AppDelegate.swift */,
				EA8F254D1A6B295300480F59 /* ViewController.swift */,
				EAB0A3781A7C846C00915B87 /* SwiftyJSON.swift */,
				EA8F254F1A6B295300480F59 /* Main.storyboard */,
				EA8F25521A6B295300480F59 /* Images.xcassets */,
				EA8F25541A6B295300480F59 /* LaunchScreen.xib */,
				EA8F25491A6B295300480F59 /* Supporting Files */,
			);
			path = HelloWifi;
			sourceTree = "<group>";
		};
		EA8F25491A6B295300480F59 /* Supporting Files */ = {
			isa = PBXGroup;
			children = (
				EA8F254A1A6B295300480F59 /* Info.plist */,
			);
			name = "Supporting Files";
			sourceTree = "<group>";
		};
		EA8F255E1A6B295400480F59 /* HelloWifiTests */ = {
			isa = PBXGroup;
			children = (
				EA8F25611A6B295400480F59 /* HelloWifiTests.swift */,
				EA8F255F1A6B295400480F59 /* Supporting Files */,
			);
			path = HelloWifiTests;
			sourceTree = "<group>";
		};
		EA8F255F1A6B295400480F59 /* Supporting Files */ = {
			isa = PBXGroup;
			children = (
				EA8F25601A6B295400480F59 /* Info.plist */,
			);
			name = "Supporting Files";
			sourceTree = "<group>";
		};
/* End PBXGroup section */

/* Begin PBXNativeTarget section */
		EA8F25451A6B295300480F59 /* HelloWifi */ = {
			isa = PBXNativeTarget;
			buildConfigurationList = EA8F25651A6B295400480F59 /* Build configuration list for PBXNativeTarget "HelloWifi" */;
			buildPhases = (
				EA8F25421A6B295300480F59 /* Sources */,
				EA8F25431A6B295300480F59 /* Frameworks */,
				EA8F25441A6B295300480F59 /* Resources */,
			);
			buildRules = (
			);
			dependencies = (
			);
			name = HelloWifi;
			productName = HelloWifi;
			productReference = EA8F25461A6B295300480F59 /* HelloWifi.app */;
			productType = "com.apple.product-type.application";
		};
		EA8F255A1A6B295400480F59 /* HelloWifiTests */ = {
			isa = PBXNativeTarget;
			buildConfigurationList = EA8F25681A6B295400480F59 /* Build configuration list for PBXNativeTarget "HelloWifiTests" */;
			buildPhases = (
				EA8F25571A6B295400480F59 /* Sources */,
				EA8F25581A6B295400480F59 /* Frameworks */,
				EA8F25591A6B295400480F59 /* Resources */,
			);
			buildRules = (
			);
			dependencies = (
				EA8F255D1A6B295400480F59 /* PBXTargetDependency */,
			);
			name = HelloWifiTests;
			productName = HelloWifiTests;
			productReference = EA8F255B1A6B295400480F59 /* HelloWifiTests.xctest */;
			productType = "com.apple.product-type.bundle.unit-test";
		};
/* End PBXNativeTarget section */

/* Begin PBXProject section */
		EA8F253E1A6B295300480F59 /* Project object */ = {
			isa = PBXProject;
			attributes = {
				LastUpgradeCheck = 0610;
				ORGANIZATIONNAME = "Donald Burr";
				TargetAttributes = {
					EA8F25451A6B295300480F59 = {
						CreatedOnToolsVersion = 6.1.1;
					};
					EA8F255A1A6B295400480F59 = {
						CreatedOnToolsVersion = 6.1.1;
						TestTargetID = EA8F25451A6B295300480F59;
					};
				};
			};
			buildConfigurationList = EA8F25411A6B295300480F59 /* Build configuration list for PBXProject "HelloWifi" */;
			compatibilityVersion = "Xcode 3.2";
			developmentRegion = English;
			hasScannedForEncodings = 0;
			knownRegions = (
				en,
				Base,
			);
			mainGroup = EA8F253D1A6B295300480F59;
			productRefGroup = EA8F25471A6B295300480F59 /* Products */;
			projectDirPath = "";
			projectRoot = "";
			targets = (
				EA8F25451A6B295300480F59 /* HelloWifi */,
				EA8F255A1A6B295400480F59 /* HelloWifiTests */,
			);
		};
/* End PBXProject section */

/* Begin PBXResourcesBuildPhase section */
		EA8F25441A6B295300480F59 /* Resources */ = {
			isa = PBXResourcesBuildPhase;
			buildActionMask = 2147483647;
			files = (
				EA8F25511A6B295300480F59 /* Main.storyboard in Resources */,
				EA8F25561A6B295300480F59 /* LaunchScreen.xib in Resources */,
				EA8F25531A6B295300480F59 /* Images.xcassets in Resources */,
			);
			runOnlyForDeploymentPostprocessing = 0;
		};
		EA8F25591A6B295400480F59 /* Resources */ = {
			isa = PBXResourcesBuildPhase;
			buildActionMask = 2147483647;
			files = (
			);
			runOnlyForDeploymentPostprocessing = 0;
		};
/* End PBXResourcesBuildPhase section */

/* Begin PBXSourcesBuildPhase section */
		EA8F25421A6B295300480F59 /* Sources */ = {
			isa = PBXSourcesBuildPhase;
			buildActionMask = 2147483647;
			files = (
				EAB0A3791A7C846C00915B87 /* SwiftyJSON.swift in Sources */,
				EA8F254E1A6B295300480F59 /* ViewController.swift in Sources */,
				EA8F254C1A6B295300480F59 /* AppDelegate.swift in Sources */,
			);
			runOnlyForDeploymentPostprocessing = 0;
		};
		EA8F25571A6B295400480F59 /* Sources */ = {
			isa = PBXSourcesBuildPhase;
			buildActionMask = 2147483647;
			files = (
				EA8F25621A6B295400480F59 /* HelloWifiTests.swift in Sources */,
			);
			runOnlyForDeploymentPostprocessing = 0;
		};
/* End PBXSourcesBuildPhase section */

/* Begin PBXTargetDependency section */
		EA8F255D1A6B295400480F59 /* PBXTargetDependency */ = {
			isa = PBXTargetDependency;
			target = EA8F25451A6B295300480F59 /* HelloWifi */;
			targetProxy = EA8F255C1A6B295400480F59 /* PBXContainerItemProxy */;
		};
/* End PBXTargetDependency section */

/* Begin PBXVariantGroup section */
		EA8F254F1A6B295300480F59 /* Main.storyboard */ = {
			isa = PBXVariantGroup;
			children = (
				EA8F25501A6B295300480F59 /* Base */,
			);
			name = Main.storyboard;
			sourceTree = "<group>";
		};
		EA8F25541A6B295300480F59 /* LaunchScreen.xib */ = {
			isa = PBXVariantGroup;
			children = (
				EA8F25551A6B295300480F59 /* Base */,
			);
			name = LaunchScreen.xib;
			sourceTree = "<group>";
		};
/* End PBXVariantGroup section */

/* Begin XCBuildConfiguration section */
		EA8F25631A6B295400480F59 /* Debug */ = {
			isa = XCBuildConfiguration;
			buildSettings = {
				ALWAYS_SEARCH_USER_PATHS = NO;
				CLANG_CXX_LANGUAGE_STANDARD = "gnu++0x";
				CLANG_CXX_LIBRARY = "libc++";
				CLANG_ENABLE_MODULES = YES;
				CLANG_ENABLE_OBJC_ARC = YES;
				CLANG_WARN_BOOL_CONVERSION = YES;
				CLANG_WARN_CONSTANT_CONVERSION = YES;
				CLANG_WARN_DIRECT_OBJC_ISA_USAGE = YES_ERROR;
				CLANG_WARN_EMPTY_BODY = YES;
				CLANG_WARN_ENUM_CONVERSION = YES;
				CLANG_WARN_INT_CONVERSION = YES;
				CLANG_WARN_OBJC_ROOT_CLASS = YES_ERROR;
				CLANG_WARN_UNREACHABLE_CODE = YES;
				CLANG_WARN__DUPLICATE_METHOD_MATCH = YES;
				"CODE_SIGN_IDENTITY[sdk=iphoneos*]" = "iPhone Developer";
				COPY_PHASE_STRIP = NO;
				ENABLE_STRICT_OBJC_MSGSEND = YES;
				GCC_C_LANGUAGE_STANDARD = gnu99;
				GCC_DYNAMIC_NO_PIC = NO;
				GCC_OPTIMIZATION_LEVEL = 0;
				GCC_PREPROCESSOR_DEFINITIONS = (
					"DEBUG=1",
					"$(inherited)",
				);
				GCC_SYMBOLS_PRIVATE_EXTERN = NO;
				GCC_WARN_64_TO_32_BIT_CONVERSION = YES;
				GCC_WARN_ABOUT_RETURN_TYPE = YES_ERROR;
				GCC_WARN_UNDECLARED_SELECTOR = YES;
				GCC_WARN_UNINITIALIZED_AUTOS = YES_AGGRESSIVE;
				GCC_WARN_UNUSED_FUNCTION = YES;
				GCC_WARN_UNUSED_VARIABLE = YES;
				IPHONEOS_DEPLOYMENT_TARGET = 8.1;
				MTL_ENABLE_DEBUG_INFO = YES;
				ONLY_ACTIVE_ARCH = YES;
				SDKROOT = iphoneos;
				SWIFT_OPTIMIZATION_LEVEL = "-Onone";
			};
			name = Debug;
		};
		EA8F25641A6B295400480F59 /* Release */ = {
			isa = XCBuildConfiguration;
			buildSettings = {
				ALWAYS_SEARCH_USER_PATHS = NO;
				CLANG_CXX_LANGUAGE_STANDARD = "gnu++0x";
				CLANG_CXX_LIBRARY = "libc++";
				CLANG_ENABLE_MODULES = YES;
				CLANG_ENABLE_OBJC_ARC = YES;
				CLANG_WARN_BOOL_CONVERSION = YES;
				CLANG_WARN_CONSTANT_CONVERSION = YES;
				CLANG_WARN_DIRECT_OBJC_ISA_USAGE = YES_ERROR;
				CLANG_WARN_EMPTY_BODY = YES;
				CLANG_WARN_ENUM_CONVERSION = YES;
				CLANG_WARN_INT_CONVERSION = YES;
				CLANG_WARN_OBJC_ROOT_CLASS = YES_ERROR;
				CLANG_WARN_UNREACHABLE_CODE = YES;
				CLANG_WARN__DUPLICATE_METHOD_MATCH = YES;
				"CODE_SIGN_IDENTITY[sdk=iphoneos*]" = "iPhone Developer";
				COPY_PHASE_STRIP = YES;
				ENABLE_NS_ASSERTIONS = NO;
				ENABLE_STRICT_OBJC_MSGSEND = YES;
				GCC_C_LANGUAGE_STANDARD = gnu99;
				GCC_WARN_64_TO_32_BIT_CONVERSION = YES;
				GCC_WARN_ABOUT_RETURN_TYPE = YES_ERROR;
				GCC_WARN_UNDECLARED_SELECTOR = YES;
				GCC_WARN_UNINITIALIZED_AUTOS = YES_AGGRESSIVE;
				GCC_WARN_UNUSED_FUNCTION = YES;
				GCC_WARN_UNUSED_VARIABLE = YES;
				IPHONEOS_DEPLOYMENT_TARGET = 8.1;
				MTL_ENABLE_DEBUG_INFO = NO;
				SDKROOT = iphoneos;
				VALIDATE_PRODUCT = YES;
			};
			name = Release;
		};
		EA8F25661A6B295400480F59 /* Debug */ = {
			isa = XCBuildConfiguration;
			buildSettings = {
				ASSETCATALOG_COMPILER_APPICON_NAME = AppIcon;
				INFOPLIST_FILE = HelloWifi/Info.plist;
				LD_RUNPATH_SEARCH_PATHS = "$(inherited) @executable_path/Frameworks";
				PRODUCT_NAME = "$(TARGET_NAME)";
			};
			name = Debug;
		};
		EA8F25671A6B295400480F59 /* Release */ = {
			isa = XCBuildConfiguration;
			buildSettings = {
				ASSETCATALOG_COMPILER_APPICON_NAME = AppIcon;
				INFOPLIST_FILE = HelloWifi/Info.plist;
				LD_RUNPATH_SEARCH_PATHS = "$(inherited) @executable_path/Frameworks";
				PRODUCT_NAME = "$(TARGET_NAME)";
			};
			name = Release;
		};
		EA8F25691A6B295400480F59 /* Debug */ = {
			isa = XCBuildConfiguration;
			buildSettings = {
				BUNDLE_LOADER = "$(TEST_HOST)";
				FRAMEWORK_SEARCH_PATHS = (
					"$(SDKROOT)/Developer/Library/Frameworks",
					"$(inherited)",
				);
				GCC_PREPROCESSOR_DEFINITIONS = (
					"DEBUG=1",
					"$(inherited)",
				);
				INFOPLIST_FILE = HelloWifiTests/Info.plist;
				LD_RUNPATH_SEARCH_PATHS = "$(inherited) @executable_path/Frameworks @loader_path/Frameworks";
				PRODUCT_NAME = "$(TARGET_NAME)";
				TEST_HOST = "$(BUILT_PRODUCTS_DIR)/HelloWifi.app/HelloWifi";
			};
			name = Debug;
		};
		EA8F256A1A6B295400480F59 /* Release */ = {
			isa = XCBuildConfiguration;
			buildSettings = {
				BUNDLE_LOADER = "$(TEST_HOST)";
				FRAMEWORK_SEARCH_PATHS = (
					"$(SDKROOT)/Developer/Library/Frameworks",
					"$(inherited)",
				);
				INFOPLIST_FILE = HelloWifiTests/Info.plist;
				LD_RUNPATH_SEARCH_PATHS = "$(inherited) @executable_path/Frameworks @loader_path/Frameworks";
				PRODUCT_NAME = "$(TARGET_NAME)";
				TEST_HOST = "$(BUILT_PRODUCTS_DIR)/HelloWifi.app/HelloWifi";
			};
			name = Release;
		};
/* End XCBuildConfiguration section */

/* Begin XCConfigurationList section */
		EA8F25411A6B295300480F59 /* Build configuration list for PBXProject "HelloWifi" */ = {
			isa = XCConfigurationList;
			buildConfigurations = (
				EA8F25631A6B295400480F59 /* Debug */,
				EA8F25641A6B295400480F59 /* Release */,
			);
			defaultConfigurationIsVisible = 0;
			defaultConfigurationName = Release;
		};
		EA8F25651A6B295400480F59 /* Build configuration list for PBXNativeTarget "HelloWifi" */ = {
			isa = XCConfigurationList;
			buildConfigurations = (
				EA8F25661A6B295400480F59 /* Debug */,
				EA8F25671A6B295400480F59 /* Release */,
			);
			defaultConfigurationIsVisible = 0;
			defaultConfigurationName = Release;
		};
		EA8F25681A6B295400480F59 /* Build configuration list for PBXNativeTarget "HelloWifiTests" */ = {
			isa = XCConfigurationList;
			buildConfigurations = (
				EA8F25691A6B295400480F59 /* Debug */,
				EA8F256A1A6B295400480F59 /* Release */,
			);
			defaultConfigurationIsVisible = 0;
			defaultConfigurationName = Release;
		};
/* End XCConfigurationList section */
	};
	rootObject = EA8F253E1A6B295300480F59 /* Project object */;
}
